PODS:
  - Flutter (1.0.0)
  - flutter_meta_data (0.0.1):
    - Flutter

DEPENDENCIES:
  - Flutter (from `Flutter`)
  - flutter_meta_data (from `.symlinks/plugins/flutter_meta_data/ios`)

EXTERNAL SOURCES:
  Flutter:
    :path: Flutter
  flutter_meta_data:
    :path: ".symlinks/plugins/flutter_meta_data/ios"

SPEC CHECKSUMS:
  Flutter: 50d75fe2f02b26cc09d224853bb45737f8b3214a
  flutter_meta_data: 9d8e98759511e45f8549c779f5ba70a72280736d

PODFILE CHECKSUM: 8e679eca47255a8ca8067c4c67aab20e64cb974d

COCOAPODS: 1.11.2
